
Microsoft Visual Studio Solution File, Format Version 12.00
# Visual Studio Version 17
VisualStudioVersion = 17.8.34309.116
MinimumVisualStudioVersion = 10.0.40219.1
Project("{8BC9CEB8-8B4A-11D0-8D11-00A0C91BC942}") = "SoulSimul", "SoulSimul\SoulSimul.vcxproj", "{A3A7240F-DC23-4740-9752-58C69D431D02}"
EndProject
Project("{8BC9CEB8-8B4A-11D0-8D11-00A0C91BC942}") = "Physics", "Physics\Physics.vcxproj", "{5D2F855F-1E5A-4921-9138-35CA0D2D33B1}"
EndProject
Project("{8BC9CEB8-8B4A-11D0-8D11-00A0C91BC942}") = "Server", "Server\Server.vcxproj", "{C71DE444-FF75-44AF-95DC-42C0B803E0EC}"
EndProject
Project("{8BC9CEB8-8B4A-11D0-8D11-00A0C91BC942}") = "Client", "Client\Client.vcxproj", "{8713DCC9-E21C-485A-99E5-B8D1E5AD91B6}"
EndProject
Global
	GlobalSection(SolutionConfigurationPlatforms) = preSolution
		Debug|x64 = Debug|x64
		Debug|x86 = Debug|x86
		Release|x64 = Release|x64
		Release|x86 = Release|x86
	EndGlobalSection
	GlobalSection(ProjectConfigurationPlatforms) = postSolution
		{A3A7240F-DC23-4740-9752-58C69D431D02}.Debug|x64.ActiveCfg = Debug|x64
		{A3A7240F-DC23-4740-9752-58C69D431D02}.Debug|x64.Build.0 = Debug|x64
		{A3A7240F-DC23-4740-9752-58C69D431D02}.Debug|x86.ActiveCfg = Debug|Win32
		{A3A7240F-DC23-4740-9752-58C69D431D02}.Debug|x86.Build.0 = Debug|Win32
		{A3A7240F-DC23-4740-9752-58C69D431D02}.Release|x64.ActiveCfg = Release|x64
		{A3A7240F-DC23-4740-9752-58C69D431D02}.Release|x64.Build.0 = Release|x64
		{A3A7240F-DC23-4740-9752-58C69D431D02}.Release|x86.ActiveCfg = Release|Win32
		{A3A7240F-DC23-4740-9752-58C69D431D02}.Release|x86.Build.0 = Release|Win32
		{5D2F855F-1E5A-4921-9138-35CA0D2D33B1}.Debug|x64.ActiveCfg = Debug|x64
		{5D2F855F-1E5A-4921-9138-35CA0D2D33B1}.Debug|x64.Build.0 = Debug|x64
		{5D2F855F-1E5A-4921-9138-35CA0D2D33B1}.Debug|x86.ActiveCfg = Debug|Win32
		{5D2F855F-1E5A-4921-9138-35CA0D2D33B1}.Debug|x86.Build.0 = Debug|Win32
		{5D2F855F-1E5A-4921-9138-35CA0D2D33B1}.Release|x64.ActiveCfg = Release|x64
		{5D2F855F-1E5A-4921-9138-35CA0D2D33B1}.Release|x64.Build.0 = Release|x64
		{5D2F855F-1E5A-4921-9138-35CA0D2D33B1}.Release|x86.ActiveCfg = Release|Win32
		{5D2F855F-1E5A-4921-9138-35CA0D2D33B1}.Release|x86.Build.0 = Release|Win32
		{C71DE444-FF75-44AF-95DC-42C0B803E0EC}.Debug|x64.ActiveCfg = Debug|x64
		{C71DE444-FF75-44AF-95DC-42C0B803E0EC}.Debug|x64.Build.0 = Debug|x64
		{C71DE444-FF75-44AF-95DC-42C0B803E0EC}.Debug|x86.ActiveCfg = Debug|Win32
		{C71DE444-FF75-44AF-95DC-42C0B803E0EC}.Debug|x86.Build.0 = Debug|Win32
		{C71DE444-FF75-44AF-95DC-42C0B803E0EC}.Release|x64.ActiveCfg = Release|x64
		{C71DE444-FF75-44AF-95DC-42C0B803E0EC}.Release|x64.Build.0 = Release|x64
		{C71DE444-FF75-44AF-95DC-42C0B803E0EC}.Release|x86.ActiveCfg = Release|Win32
		{C71DE444-FF75-44AF-95DC-42C0B803E0EC}.Release|x86.Build.0 = Release|Win32
		{8713DCC9-E21C-485A-99E5-B8D1E5AD91B6}.Debug|x64.ActiveCfg = Debug|x64
		{8713DCC9-E21C-485A-99E5-B8D1E5AD91B6}.Debug|x64.Build.0 = Debug|x64
		{8713DCC9-E21C-485A-99E5-B8D1E5AD91B6}.Debug|x86.ActiveCfg = Debug|Win32
		{8713DCC9-E21C-485A-99E5-B8D1E5AD91B6}.Debug|x86.Build.0 = Debug|Win32
		{8713DCC9-E21C-485A-99E5-B8D1E5AD91B6}.Release|x64.ActiveCfg = Release|x64
		{8713DCC9-E21C-485A-99E5-B8D1E5AD91B6}.Release|x64.Build.0 = Release|x64
		{8713DCC9-E21C-485A-99E5-B8D1E5AD91B6}.Release|x86.ActiveCfg = Release|Win32
		{8713DCC9-E21C-485A-99E5-B8D1E5AD91B6}.Release|x86.Build.0 = Release|Win32
	EndGlobalSection
	GlobalSection(SolutionProperties) = preSolution
		HideSolutionNode = FALSE
	EndGlobalSection
	GlobalSection(ExtensibilityGlobals) = postSolution
		SolutionGuid = {1F52B48D-5E1E-4BD7-BA8B-A2940A9DCA56}
	EndGlobalSection
EndGlobal
